
Microsoft Visual Studio Solution File, Format Version 12.00
# Visual Studio Version 16
VisualStudioVersion = 16.0.30128.74
MinimumVisualStudioVersion = 10.0.40219.1
Project("{FAE04EC0-301F-11D3-BF4B-00C04F79EFBC}") = "JenkinTest", "JenkinTest.csproj", "{1CF0F70D-9815-4261-B166-892D7AF658D1}"
EndProject
Global
	GlobalSection(SolutionConfigurationPlatforms) = preSolution
		Debug|Any CPU = Debug|Any CPU
		Release|Any CPU = Release|Any CPU
	EndGlobalSection
	GlobalSection(ProjectConfigurationPlatforms) = postSolution
		{1CF0F70D-9815-4261-B166-892D7AF658D1}.Debug|Any CPU.ActiveCfg = Debug|Any CPU
		{1CF0F70D-9815-4261-B166-892D7AF658D1}.Debug|Any CPU.Build.0 = Debug|Any CPU
		{1CF0F70D-9815-4261-B166-892D7AF658D1}.Release|Any CPU.ActiveCfg = Release|Any CPU
		{1CF0F70D-9815-4261-B166-892D7AF658D1}.Release|Any CPU.Build.0 = Release|Any CPU
	EndGlobalSection
	GlobalSection(SolutionProperties) = preSolution
		HideSolutionNode = FALSE
	EndGlobalSection
	GlobalSection(ExtensibilityGlobals) = postSolution
		SolutionGuid = {AE72CFB1-E361-4BDE-A97C-D1E5A4DC4354}
	EndGlobalSection
EndGlobal
